// !$*UTF8*$!
{
	archiveVersion = 1;
	classes = {
	};
	objectVersion = 56;
	objects = {

/* Begin PBXBuildFile section */
		0EF8A79FB73ED63F5E3DF871 /* Pods_EmptyView_RetryView.framework in Frameworks */ = {isa = PBXBuildFile; fileRef = 9AC7D1CA92E1470B0C3C78DC /* Pods_EmptyView_RetryView.framework */; };
		B803269029F223C200EC7BEA /* AppDelegate.swift in Sources */ = {isa = PBXBuildFile; fileRef = B803268F29F223C200EC7BEA /* AppDelegate.swift */; };
		B803269229F223C200EC7BEA /* SceneDelegate.swift in Sources */ = {isa = PBXBuildFile; fileRef = B803269129F223C200EC7BEA /* SceneDelegate.swift */; };
		B803269929F223C300EC7BEA /* Assets.xcassets in Resources */ = {isa = PBXBuildFile; fileRef = B803269829F223C300EC7BEA /* Assets.xcassets */; };
		B803269C29F223C300EC7BEA /* LaunchScreen.storyboard in Resources */ = {isa = PBXBuildFile; fileRef = B803269A29F223C300EC7BEA /* LaunchScreen.storyboard */; };
		B80326A429F223E300EC7BEA /* MainViewController.swift in Sources */ = {isa = PBXBuildFile; fileRef = B80326A329F223E300EC7BEA /* MainViewController.swift */; };
		B80326A629F26D4500EC7BEA /* RetryView.swift in Sources */ = {isa = PBXBuildFile; fileRef = B80326A529F26D4500EC7BEA /* RetryView.swift */; };
		B80326A829F2708600EC7BEA /* Base.swift in Sources */ = {isa = PBXBuildFile; fileRef = B80326A729F2708600EC7BEA /* Base.swift */; };
		B80326AA29F27F1C00EC7BEA /* MainViewModel.swift in Sources */ = {isa = PBXBuildFile; fileRef = B80326A929F27F1C00EC7BEA /* MainViewModel.swift */; };
/* End PBXBuildFile section */

/* Begin PBXFileReference section */
		0655A09199D42F57C861CD74 /* Pods-EmptyView_RetryView.release.xcconfig */ = {isa = PBXFileReference; includeInIndex = 1; lastKnownFileType = text.xcconfig; name = "Pods-EmptyView_RetryView.release.xcconfig"; path = "Target Support Files/Pods-EmptyView_RetryView/Pods-EmptyView_RetryView.release.xcconfig"; sourceTree = "<group>"; };
		9AC7D1CA92E1470B0C3C78DC /* Pods_EmptyView_RetryView.framework */ = {isa = PBXFileReference; explicitFileType = wrapper.framework; includeInIndex = 0; path = Pods_EmptyView_RetryView.framework; sourceTree = BUILT_PRODUCTS_DIR; };
		B803268C29F223C200EC7BEA /* EmptyView_RetryView.app */ = {isa = PBXFileReference; explicitFileType = wrapper.application; includeInIndex = 0; path = EmptyView_RetryView.app; sourceTree = BUILT_PRODUCTS_DIR; };
		B803268F29F223C200EC7BEA /* AppDelegate.swift */ = {isa = PBXFileReference; lastKnownFileType = sourcecode.swift; path = AppDelegate.swift; sourceTree = "<group>"; };
		B803269129F223C200EC7BEA /* SceneDelegate.swift */ = {isa = PBXFileReference; lastKnownFileType = sourcecode.swift; path = SceneDelegate.swift; sourceTree = "<group>"; };
		B803269829F223C300EC7BEA /* Assets.xcassets */ = {isa = PBXFileReference; lastKnownFileType = folder.assetcatalog; path = Assets.xcassets; sourceTree = "<group>"; };
		B803269B29F223C300EC7BEA /* Base */ = {isa = PBXFileReference; lastKnownFileType = file.storyboard; name = Base; path = Base.lproj/LaunchScreen.storyboard; sourceTree = "<group>"; };
		B803269D29F223C300EC7BEA /* Info.plist */ = {isa = PBXFileReference; lastKnownFileType = text.plist.xml; path = Info.plist; sourceTree = "<group>"; };
		B80326A329F223E300EC7BEA /* MainViewController.swift */ = {isa = PBXFileReference; lastKnownFileType = sourcecode.swift; path = MainViewController.swift; sourceTree = "<group>"; };
		B80326A529F26D4500EC7BEA /* RetryView.swift */ = {isa = PBXFileReference; lastKnownFileType = sourcecode.swift; path = RetryView.swift; sourceTree = "<group>"; };
		B80326A729F2708600EC7BEA /* Base.swift */ = {isa = PBXFileReference; lastKnownFileType = sourcecode.swift; path = Base.swift; sourceTree = "<group>"; };
		B80326A929F27F1C00EC7BEA /* MainViewModel.swift */ = {isa = PBXFileReference; lastKnownFileType = sourcecode.swift; path = MainViewModel.swift; sourceTree = "<group>"; };
		C0F541EDEEBB705489407FAF /* Pods-EmptyView_RetryView.debug.xcconfig */ = {isa = PBXFileReference; includeInIndex = 1; lastKnownFileType = text.xcconfig; name = "Pods-EmptyView_RetryView.debug.xcconfig"; path = "Target Support Files/Pods-EmptyView_RetryView/Pods-EmptyView_RetryView.debug.xcconfig"; sourceTree = "<group>"; };
/* End PBXFileReference section */

/* Begin PBXFrameworksBuildPhase section */
		B803268929F223C200EC7BEA /* Frameworks */ = {
			isa = PBXFrameworksBuildPhase;
			buildActionMask = 2147483647;
			files = (
				0EF8A79FB73ED63F5E3DF871 /* Pods_EmptyView_RetryView.framework in Frameworks */,
			);
			runOnlyForDeploymentPostprocessing = 0;
		};
/* End PBXFrameworksBuildPhase section */

/* Begin PBXGroup section */
		1E49BEBD31BF84D70FF6B027 /* Frameworks */ = {
			isa = PBXGroup;
			children = (
				9AC7D1CA92E1470B0C3C78DC /* Pods_EmptyView_RetryView.framework */,
			);
			name = Frameworks;
			sourceTree = "<group>";
		};
		97EB0A621C8F60C61171EC15 /* Pods */ = {
			isa = PBXGroup;
			children = (
				C0F541EDEEBB705489407FAF /* Pods-EmptyView_RetryView.debug.xcconfig */,
				0655A09199D42F57C861CD74 /* Pods-EmptyView_RetryView.release.xcconfig */,
			);
			path = Pods;
			sourceTree = "<group>";
		};
		B803268329F223C200EC7BEA = {
			isa = PBXGroup;
			children = (
				B803268E29F223C200EC7BEA /* EmptyView_RetryView */,
				B803268D29F223C200EC7BEA /* Products */,
				97EB0A621C8F60C61171EC15 /* Pods */,
				1E49BEBD31BF84D70FF6B027 /* Frameworks */,
			);
			sourceTree = "<group>";
		};
		B803268D29F223C200EC7BEA /* Products */ = {
			isa = PBXGroup;
			children = (
				B803268C29F223C200EC7BEA /* EmptyView_RetryView.app */,
			);
			name = Products;
			sourceTree = "<group>";
		};
		B803268E29F223C200EC7BEA /* EmptyView_RetryView */ = {
			isa = PBXGroup;
			children = (
				B803268F29F223C200EC7BEA /* AppDelegate.swift */,
				B803269129F223C200EC7BEA /* SceneDelegate.swift */,
				B803269829F223C300EC7BEA /* Assets.xcassets */,
				B803269A29F223C300EC7BEA /* LaunchScreen.storyboard */,
				B803269D29F223C300EC7BEA /* Info.plist */,
				B80326A329F223E300EC7BEA /* MainViewController.swift */,
				B80326A529F26D4500EC7BEA /* RetryView.swift */,
				B80326A729F2708600EC7BEA /* Base.swift */,
				B80326A929F27F1C00EC7BEA /* MainViewModel.swift */,
			);
			path = EmptyView_RetryView;
			sourceTree = "<group>";
		};
/* End PBXGroup section */

/* Begin PBXNativeTarget section */
		B803268B29F223C200EC7BEA /* EmptyView_RetryView */ = {
			isa = PBXNativeTarget;
			buildConfigurationList = B80326A029F223C300EC7BEA /* Build configuration list for PBXNativeTarget "EmptyView_RetryView" */;
			buildPhases = (
				51F533F003717C0B0B5DCD0D /* [CP] Check Pods Manifest.lock */,
				B803268829F223C200EC7BEA /* Sources */,
				B803268929F223C200EC7BEA /* Frameworks */,
				B803268A29F223C200EC7BEA /* Resources */,
				3CD0B3EB5712E91E4AD35435 /* [CP] Embed Pods Frameworks */,
			);
			buildRules = (
			);
			dependencies = (
			);
			name = EmptyView_RetryView;
			productName = EmptyView_RetryView;
			productReference = B803268C29F223C200EC7BEA /* EmptyView_RetryView.app */;
			productType = "com.apple.product-type.application";
		};
/* End PBXNativeTarget section */

/* Begin PBXProject section */
		B803268429F223C200EC7BEA /* Project object */ = {
			isa = PBXProject;
			attributes = {
				BuildIndependentTargetsInParallel = 1;
				LastSwiftUpdateCheck = 1420;
				LastUpgradeCheck = 1420;
				TargetAttributes = {
					B803268B29F223C200EC7BEA = {
						CreatedOnToolsVersion = 14.2;
					};
				};
			};
			buildConfigurationList = B803268729F223C200EC7BEA /* Build configuration list for PBXProject "EmptyView_RetryView" */;
			compatibilityVersion = "Xcode 14.0";
			developmentRegion = en;
			hasScannedForEncodings = 0;
			knownRegions = (
				en,
				Base,
			);
			mainGroup = B803268329F223C200EC7BEA;
			productRefGroup = B803268D29F223C200EC7BEA /* Products */;
			projectDirPath = "";
			projectRoot = "";
			targets = (
				B803268B29F223C200EC7BEA /* EmptyView_RetryView */,
			);
		};
/* End PBXProject section */

/* Begin PBXResourcesBuildPhase section */
		B803268A29F223C200EC7BEA /* Resources */ = {
			isa = PBXResourcesBuildPhase;
			buildActionMask = 2147483647;
			files = (
				B803269C29F223C300EC7BEA /* LaunchScreen.storyboard in Resources */,
				B803269929F223C300EC7BEA /* Assets.xcassets in Resources */,
			);
			runOnlyForDeploymentPostprocessing = 0;
		};
/* End PBXResourcesBuildPhase section */

/* Begin PBXShellScriptBuildPhase section */
		3CD0B3EB5712E91E4AD35435 /* [CP] Embed Pods Frameworks */ = {
			isa = PBXShellScriptBuildPhase;
			buildActionMask = 2147483647;
			files = (
			);
			inputFileListPaths = (
				"${PODS_ROOT}/Target Support Files/Pods-EmptyView_RetryView/Pods-EmptyView_RetryView-frameworks-${CONFIGURATION}-input-files.xcfilelist",
			);
			name = "[CP] Embed Pods Frameworks";
			outputFileListPaths = (
				"${PODS_ROOT}/Target Support Files/Pods-EmptyView_RetryView/Pods-EmptyView_RetryView-frameworks-${CONFIGURATION}-output-files.xcfilelist",
			);
			runOnlyForDeploymentPostprocessing = 0;
			shellPath = /bin/sh;
			shellScript = "\"${PODS_ROOT}/Target Support Files/Pods-EmptyView_RetryView/Pods-EmptyView_RetryView-frameworks.sh\"\n";
			showEnvVarsInLog = 0;
		};
		51F533F003717C0B0B5DCD0D /* [CP] Check Pods Manifest.lock */ = {
			isa = PBXShellScriptBuildPhase;
			buildActionMask = 2147483647;
			files = (
			);
			inputFileListPaths = (
			);
			inputPaths = (
				"${PODS_PODFILE_DIR_PATH}/Podfile.lock",
				"${PODS_ROOT}/Manifest.lock",
			);
			name = "[CP] Check Pods Manifest.lock";
			outputFileListPaths = (
			);
			outputPaths = (
				"$(DERIVED_FILE_DIR)/Pods-EmptyView_RetryView-checkManifestLockResult.txt",
			);
			runOnlyForDeploymentPostprocessing = 0;
			shellPath = /bin/sh;
			shellScript = "diff \"${PODS_PODFILE_DIR_PATH}/Podfile.lock\" \"${PODS_ROOT}/Manifest.lock\" > /dev/null\nif [ $? != 0 ] ; then\n    # print error to STDERR\n    echo \"error: The sandbox is not in sync with the Podfile.lock. Run 'pod install' or update your CocoaPods installation.\" >&2\n    exit 1\nfi\n# This output is used by Xcode 'outputs' to avoid re-running this script phase.\necho \"SUCCESS\" > \"${SCRIPT_OUTPUT_FILE_0}\"\n";
			showEnvVarsInLog = 0;
		};
/* End PBXShellScriptBuildPhase section */

/* Begin PBXSourcesBuildPhase section */
		B803268829F223C200EC7BEA /* Sources */ = {
			isa = PBXSourcesBuildPhase;
			buildActionMask = 2147483647;
			files = (
				B80326A429F223E300EC7BEA /* MainViewController.swift in Sources */,
				B803269029F223C200EC7BEA /* AppDelegate.swift in Sources */,
				B80326A829F2708600EC7BEA /* Base.swift in Sources */,
				B803269229F223C200EC7BEA /* SceneDelegate.swift in Sources */,
				B80326A629F26D4500EC7BEA /* RetryView.swift in Sources */,
				B80326AA29F27F1C00EC7BEA /* MainViewModel.swift in Sources */,
			);
			runOnlyForDeploymentPostprocessing = 0;
		};
/* End PBXSourcesBuildPhase section */

/* Begin PBXVariantGroup section */
		B803269A29F223C300EC7BEA /* LaunchScreen.storyboard */ = {
			isa = PBXVariantGroup;
			children = (
				B803269B29F223C300EC7BEA /* Base */,
			);
			name = LaunchScreen.storyboard;
			sourceTree = "<group>";
		};
/* End PBXVariantGroup section */

/* Begin XCBuildConfiguration section */
		B803269E29F223C300EC7BEA /* Debug */ = {
			isa = XCBuildConfiguration;
			buildSettings = {
				ALWAYS_SEARCH_USER_PATHS = NO;
				CLANG_ANALYZER_NONNULL = YES;
				CLANG_ANALYZER_NUMBER_OBJECT_CONVERSION = YES_AGGRESSIVE;
				CLANG_CXX_LANGUAGE_STANDARD = "gnu++20";
				CLANG_ENABLE_MODULES = YES;
				CLANG_ENABLE_OBJC_ARC = YES;
				CLANG_ENABLE_OBJC_WEAK = YES;
				CLANG_WARN_BLOCK_CAPTURE_AUTORELEASING = YES;
				CLANG_WARN_BOOL_CONVERSION = YES;
				CLANG_WARN_COMMA = YES;
				CLANG_WARN_CONSTANT_CONVERSION = YES;
				CLANG_WARN_DEPRECATED_OBJC_IMPLEMENTATIONS = YES;
				CLANG_WARN_DIRECT_OBJC_ISA_USAGE = YES_ERROR;
				CLANG_WARN_DOCUMENTATION_COMMENTS = YES;
				CLANG_WARN_EMPTY_BODY = YES;
				CLANG_WARN_ENUM_CONVERSION = YES;
				CLANG_WARN_INFINITE_RECURSION = YES;
				CLANG_WARN_INT_CONVERSION = YES;
				CLANG_WARN_NON_LITERAL_NULL_CONVERSION = YES;
				CLANG_WARN_OBJC_IMPLICIT_RETAIN_SELF = YES;
				CLANG_WARN_OBJC_LITERAL_CONVERSION = YES;
				CLANG_WARN_OBJC_ROOT_CLASS = YES_ERROR;
				CLANG_WARN_QUOTED_INCLUDE_IN_FRAMEWORK_HEADER = YES;
				CLANG_WARN_RANGE_LOOP_ANALYSIS = YES;
				CLANG_WARN_STRICT_PROTOTYPES = YES;
				CLANG_WARN_SUSPICIOUS_MOVE = YES;
				CLANG_WARN_UNGUARDED_AVAILABILITY = YES_AGGRESSIVE;
				CLANG_WARN_UNREACHABLE_CODE = YES;
				CLANG_WARN__DUPLICATE_METHOD_MATCH = YES;
				COPY_PHASE_STRIP = NO;
				DEBUG_INFORMATION_FORMAT = dwarf;
				ENABLE_STRICT_OBJC_MSGSEND = YES;
				ENABLE_TESTABILITY = YES;
				GCC_C_LANGUAGE_STANDARD = gnu11;
				GCC_DYNAMIC_NO_PIC = NO;
				GCC_NO_COMMON_BLOCKS = YES;
				GCC_OPTIMIZATION_LEVEL = 0;
				GCC_PREPROCESSOR_DEFINITIONS = (
					"DEBUG=1",
					"$(inherited)",
				);
				GCC_WARN_64_TO_32_BIT_CONVERSION = YES;
				GCC_WARN_ABOUT_RETURN_TYPE = YES_ERROR;
				GCC_WARN_UNDECLARED_SELECTOR = YES;
				GCC_WARN_UNINITIALIZED_AUTOS = YES_AGGRESSIVE;
				GCC_WARN_UNUSED_FUNCTION = YES;
				GCC_WARN_UNUSED_VARIABLE = YES;
				IPHONEOS_DEPLOYMENT_TARGET = 16.2;
				MTL_ENABLE_DEBUG_INFO = INCLUDE_SOURCE;
				MTL_FAST_MATH = YES;
				ONLY_ACTIVE_ARCH = YES;
				SDKROOT = iphoneos;
				SWIFT_ACTIVE_COMPILATION_CONDITIONS = DEBUG;
				SWIFT_OPTIMIZATION_LEVEL = "-Onone";
			};
			name = Debug;
		};
		B803269F29F223C300EC7BEA /* Release */ = {
			isa = XCBuildConfiguration;
			buildSettings = {
				ALWAYS_SEARCH_USER_PATHS = NO;
				CLANG_ANALYZER_NONNULL = YES;
				CLANG_ANALYZER_NUMBER_OBJECT_CONVERSION = YES_AGGRESSIVE;
				CLANG_CXX_LANGUAGE_STANDARD = "gnu++20";
				CLANG_ENABLE_MODULES = YES;
				CLANG_ENABLE_OBJC_ARC = YES;
				CLANG_ENABLE_OBJC_WEAK = YES;
				CLANG_WARN_BLOCK_CAPTURE_AUTORELEASING = YES;
				CLANG_WARN_BOOL_CONVERSION = YES;
				CLANG_WARN_COMMA = YES;
				CLANG_WARN_CONSTANT_CONVERSION = YES;
				CLANG_WARN_DEPRECATED_OBJC_IMPLEMENTATIONS = YES;
				CLANG_WARN_DIRECT_OBJC_ISA_USAGE = YES_ERROR;
				CLANG_WARN_DOCUMENTATION_COMMENTS = YES;
				CLANG_WARN_EMPTY_BODY = YES;
				CLANG_WARN_ENUM_CONVERSION = YES;
				CLANG_WARN_INFINITE_RECURSION = YES;
				CLANG_WARN_INT_CONVERSION = YES;
				CLANG_WARN_NON_LITERAL_NULL_CONVERSION = YES;
				CLANG_WARN_OBJC_IMPLICIT_RETAIN_SELF = YES;
				CLANG_WARN_OBJC_LITERAL_CONVERSION = YES;
				CLANG_WARN_OBJC_ROOT_CLASS = YES_ERROR;
				CLANG_WARN_QUOTED_INCLUDE_IN_FRAMEWORK_HEADER = YES;
				CLANG_WARN_RANGE_LOOP_ANALYSIS = YES;
				CLANG_WARN_STRICT_PROTOTYPES = YES;
				CLANG_WARN_SUSPICIOUS_MOVE = YES;
				CLANG_WARN_UNGUARDED_AVAILABILITY = YES_AGGRESSIVE;
				CLANG_WARN_UNREACHABLE_CODE = YES;
				CLANG_WARN__DUPLICATE_METHOD_MATCH = YES;
				COPY_PHASE_STRIP = NO;
				DEBUG_INFORMATION_FORMAT = "dwarf-with-dsym";
				ENABLE_NS_ASSERTIONS = NO;
				ENABLE_STRICT_OBJC_MSGSEND = YES;
				GCC_C_LANGUAGE_STANDARD = gnu11;
				GCC_NO_COMMON_BLOCKS = YES;
				GCC_WARN_64_TO_32_BIT_CONVERSION = YES;
				GCC_WARN_ABOUT_RETURN_TYPE = YES_ERROR;
				GCC_WARN_UNDECLARED_SELECTOR = YES;
				GCC_WARN_UNINITIALIZED_AUTOS = YES_AGGRESSIVE;
				GCC_WARN_UNUSED_FUNCTION = YES;
				GCC_WARN_UNUSED_VARIABLE = YES;
				IPHONEOS_DEPLOYMENT_TARGET = 16.2;
				MTL_ENABLE_DEBUG_INFO = NO;
				MTL_FAST_MATH = YES;
				SDKROOT = iphoneos;
				SWIFT_COMPILATION_MODE = wholemodule;
				SWIFT_OPTIMIZATION_LEVEL = "-O";
				VALIDATE_PRODUCT = YES;
			};
			name = Release;
		};
		B80326A129F223C300EC7BEA /* Debug */ = {
			isa = XCBuildConfiguration;
			baseConfigurationReference = C0F541EDEEBB705489407FAF /* Pods-EmptyView_RetryView.debug.xcconfig */;
			buildSettings = {
				ASSETCATALOG_COMPILER_APPICON_NAME = AppIcon;
				ASSETCATALOG_COMPILER_GLOBAL_ACCENT_COLOR_NAME = AccentColor;
				CODE_SIGN_STYLE = Automatic;
				CURRENT_PROJECT_VERSION = 1;
				DEVELOPMENT_TEAM = BXV27XC6DZ;
				GENERATE_INFOPLIST_FILE = YES;
				INFOPLIST_FILE = EmptyView_RetryView/Info.plist;
				INFOPLIST_KEY_UIApplicationSupportsIndirectInputEvents = YES;
				INFOPLIST_KEY_UILaunchStoryboardName = LaunchScreen;
				INFOPLIST_KEY_UISupportedInterfaceOrientations_iPad = "UIInterfaceOrientationPortrait UIInterfaceOrientationPortraitUpsideDown UIInterfaceOrientationLandscapeLeft UIInterfaceOrientationLandscapeRight";
				INFOPLIST_KEY_UISupportedInterfaceOrientations_iPhone = "UIInterfaceOrientationPortrait UIInterfaceOrientationLandscapeLeft UIInterfaceOrientationLandscapeRight";
				LD_RUNPATH_SEARCH_PATHS = (
					"$(inherited)",
					"@executable_path/Frameworks",
				);
				MARKETING_VERSION = 1.0;
				PRODUCT_BUNDLE_IDENTIFIER = "com.will-d.EmptyView-RetryView";
				PRODUCT_NAME = "$(TARGET_NAME)";
				SWIFT_EMIT_LOC_STRINGS = YES;
				SWIFT_VERSION = 5.0;
				TARGETED_DEVICE_FAMILY = "1,2";
			};
			name = Debug;
		};
		B80326A229F223C300EC7BEA /* Release */ = {
			isa = XCBuildConfiguration;
			baseConfigurationReference = 0655A09199D42F57C861CD74 /* Pods-EmptyView_RetryView.release.xcconfig */;
			buildSettings = {
				ASSETCATALOG_COMPILER_APPICON_NAME = AppIcon;
				ASSETCATALOG_COMPILER_GLOBAL_ACCENT_COLOR_NAME = AccentColor;
				CODE_SIGN_STYLE = Automatic;
				CURRENT_PROJECT_VERSION = 1;
				DEVELOPMENT_TEAM = BXV27XC6DZ;
				GENERATE_INFOPLIST_FILE = YES;
				INFOPLIST_FILE = EmptyView_RetryView/Info.plist;
				INFOPLIST_KEY_UIApplicationSupportsIndirectInputEvents = YES;
				INFOPLIST_KEY_UILaunchStoryboardName = LaunchScreen;
				INFOPLIST_KEY_UISupportedInterfaceOrientations_iPad = "UIInterfaceOrientationPortrait UIInterfaceOrientationPortraitUpsideDown UIInterfaceOrientationLandscapeLeft UIInterfaceOrientationLandscapeRight";
				INFOPLIST_KEY_UISupportedInterfaceOrientations_iPhone = "UIInterfaceOrientationPortrait UIInterfaceOrientationLandscapeLeft UIInterfaceOrientationLandscapeRight";
				LD_RUNPATH_SEARCH_PATHS = (
					"$(inherited)",
					"@executable_path/Frameworks",
				);
				MARKETING_VERSION = 1.0;
				PRODUCT_BUNDLE_IDENTIFIER = "com.will-d.EmptyView-RetryView";
				PRODUCT_NAME = "$(TARGET_NAME)";
				SWIFT_EMIT_LOC_STRINGS = YES;
				SWIFT_VERSION = 5.0;
				TARGETED_DEVICE_FAMILY = "1,2";
			};
			name = Release;
		};
/* End XCBuildConfiguration section */

/* Begin XCConfigurationList section */
		B803268729F223C200EC7BEA /* Build configuration list for PBXProject "EmptyView_RetryView" */ = {
			isa = XCConfigurationList;
			buildConfigurations = (
				B803269E29F223C300EC7BEA /* Debug */,
				B803269F29F223C300EC7BEA /* Release */,
			);
			defaultConfigurationIsVisible = 0;
			defaultConfigurationName = Release;
		};
		B80326A029F223C300EC7BEA /* Build configuration list for PBXNativeTarget "EmptyView_RetryView" */ = {
			isa = XCConfigurationList;
			buildConfigurations = (
				B80326A129F223C300EC7BEA /* Debug */,
				B80326A229F223C300EC7BEA /* Release */,
			);
			defaultConfigurationIsVisible = 0;
			defaultConfigurationName = Release;
		};
/* End XCConfigurationList section */
	};
	rootObject = B803268429F223C200EC7BEA /* Project object */;
}
